
Microsoft Visual Studio Solution File, Format Version 12.00
# Visual Studio Version 16
VisualStudioVersion = 16.0.30011.22
MinimumVisualStudioVersion = 10.0.40219.1
Project("{FAE04EC0-301F-11D3-BF4B-00C04F79EFBC}") = "SpotifyUpgradeFinder", "SpotifyUpgradeFinder\SpotifyUpgradeFinder.csproj", "{D73650C0-35DF-4E01-9284-BB71DD56CEFB}"
EndProject
Global
	GlobalSection(SolutionConfigurationPlatforms) = preSolution
		Debug|Any CPU = Debug|Any CPU
		Release|Any CPU = Release|Any CPU
	EndGlobalSection
	GlobalSection(ProjectConfigurationPlatforms) = postSolution
		{D73650C0-35DF-4E01-9284-BB71DD56CEFB}.Debug|Any CPU.ActiveCfg = Debug|Any CPU
		{D73650C0-35DF-4E01-9284-BB71DD56CEFB}.Debug|Any CPU.Build.0 = Debug|Any CPU
		{D73650C0-35DF-4E01-9284-BB71DD56CEFB}.Release|Any CPU.ActiveCfg = Release|Any CPU
		{D73650C0-35DF-4E01-9284-BB71DD56CEFB}.Release|Any CPU.Build.0 = Release|Any CPU
	EndGlobalSection
	GlobalSection(SolutionProperties) = preSolution
		HideSolutionNode = FALSE
	EndGlobalSection
	GlobalSection(ExtensibilityGlobals) = postSolution
		SolutionGuid = {43277408-B8C7-4994-93A7-9ACC5A4C12E7}
	EndGlobalSection
EndGlobal
